
Microsoft Visual Studio Solution File, Format Version 12.00
# Visual Studio Version 17
VisualStudioVersion = 17.8.34316.72
MinimumVisualStudioVersion = 10.0.40219.1
Project("{2150E333-8FDC-42A3-9474-1A3956D46DE8}") = "src", "src", "{85A58FA7-9F6E-4E19-B3A5-D30B1334D384}"
EndProject
Project("{2150E333-8FDC-42A3-9474-1A3956D46DE8}") = "tests", "tests", "{21E7BB18-EAA6-4E60-8D55-0D25D667C722}"
EndProject
Project("{2150E333-8FDC-42A3-9474-1A3956D46DE8}") = "1 - Presentation", "1 - Presentation", "{29BCDA0F-8587-4EA6-BA25-B832C3AAEACC}"
EndProject
Project("{2150E333-8FDC-42A3-9474-1A3956D46DE8}") = "2 - Application", "2 - Application", "{378B5524-4F53-4177-9D92-7C1C96E9D67A}"
EndProject
Project("{2150E333-8FDC-42A3-9474-1A3956D46DE8}") = "4 - Infrastructure", "4 - Infrastructure", "{7498ED6D-4ABF-4A98-B89F-B55DFA85B554}"
EndProject
Project("{2150E333-8FDC-42A3-9474-1A3956D46DE8}") = "3 - Domain", "3 - Domain", "{1C95B9AC-73C2-4472-8FD5-49A54971C90D}"
EndProject
Project("{9A19103F-16F7-4668-BE54-9A1E7A4F7556}") = "Thunders.Test.Task.Manager.Application", "src\Thunders.Test.Task.Manager.Application\Thunders.Test.Task.Manager.Application.csproj", "{4B1A5DA2-4B65-40FB-988C-CBB6D5D8196F}"
EndProject
Project("{9A19103F-16F7-4668-BE54-9A1E7A4F7556}") = "Thunders.Test.Task.Manager.Domain", "src\Thunders.Test.Task.Manager.Domain\Thunders.Test.Task.Manager.Domain.csproj", "{3FDECC4A-FC89-44CD-8A89-63957288557E}"
EndProject
Project("{9A19103F-16F7-4668-BE54-9A1E7A4F7556}") = "Thunders.Test.Task.Manager.Infra.EF", "src\Thunders.Test.Task.Manager.Infra.EF\Thunders.Test.Task.Manager.Infra.EF.csproj", "{F9076FCD-E515-421E-BB6E-ECC75BCD1490}"
EndProject
Project("{2150E333-8FDC-42A3-9474-1A3956D46DE8}") = "unit", "unit", "{A6728D51-E23A-47CB-898A-DA4ADDC4168C}"
EndProject
Project("{9A19103F-16F7-4668-BE54-9A1E7A4F7556}") = "Thunders.Test.Task.Manager.Unit.Tests", "tests\Thunders.Test.Task.Manager.Unit.Tests\Thunders.Test.Task.Manager.Unit.Tests.csproj", "{BF560B5F-6601-4B95-9309-48DB5EC25051}"
EndProject
Project("{9A19103F-16F7-4668-BE54-9A1E7A4F7556}") = "Thunders.Test.TaskManager.Infra.IoC", "src\Thunders.Test.TaskManager.Infra.IoC\Thunders.Test.TaskManager.Infra.IoC.csproj", "{7905244F-7003-45A9-A8F6-C5637B846667}"
EndProject
Project("{9A19103F-16F7-4668-BE54-9A1E7A4F7556}") = "Thunders.Test.Task.Manager.Api", "src\Thunders.Test.Task.Manager.Api\Thunders.Test.Task.Manager.Api.csproj", "{99E8D764-6417-41B6-B964-C421E2A97196}"
EndProject
Global
	GlobalSection(SolutionConfigurationPlatforms) = preSolution
		Debug|Any CPU = Debug|Any CPU
		Release|Any CPU = Release|Any CPU
	EndGlobalSection
	GlobalSection(ProjectConfigurationPlatforms) = postSolution
		{4B1A5DA2-4B65-40FB-988C-CBB6D5D8196F}.Debug|Any CPU.ActiveCfg = Debug|Any CPU
		{4B1A5DA2-4B65-40FB-988C-CBB6D5D8196F}.Debug|Any CPU.Build.0 = Debug|Any CPU
		{4B1A5DA2-4B65-40FB-988C-CBB6D5D8196F}.Release|Any CPU.ActiveCfg = Release|Any CPU
		{4B1A5DA2-4B65-40FB-988C-CBB6D5D8196F}.Release|Any CPU.Build.0 = Release|Any CPU
		{3FDECC4A-FC89-44CD-8A89-63957288557E}.Debug|Any CPU.ActiveCfg = Debug|Any CPU
		{3FDECC4A-FC89-44CD-8A89-63957288557E}.Debug|Any CPU.Build.0 = Debug|Any CPU
		{3FDECC4A-FC89-44CD-8A89-63957288557E}.Release|Any CPU.ActiveCfg = Release|Any CPU
		{3FDECC4A-FC89-44CD-8A89-63957288557E}.Release|Any CPU.Build.0 = Release|Any CPU
		{F9076FCD-E515-421E-BB6E-ECC75BCD1490}.Debug|Any CPU.ActiveCfg = Debug|Any CPU
		{F9076FCD-E515-421E-BB6E-ECC75BCD1490}.Debug|Any CPU.Build.0 = Debug|Any CPU
		{F9076FCD-E515-421E-BB6E-ECC75BCD1490}.Release|Any CPU.ActiveCfg = Release|Any CPU
		{F9076FCD-E515-421E-BB6E-ECC75BCD1490}.Release|Any CPU.Build.0 = Release|Any CPU
		{BF560B5F-6601-4B95-9309-48DB5EC25051}.Debug|Any CPU.ActiveCfg = Debug|Any CPU
		{BF560B5F-6601-4B95-9309-48DB5EC25051}.Debug|Any CPU.Build.0 = Debug|Any CPU
		{BF560B5F-6601-4B95-9309-48DB5EC25051}.Release|Any CPU.ActiveCfg = Release|Any CPU
		{BF560B5F-6601-4B95-9309-48DB5EC25051}.Release|Any CPU.Build.0 = Release|Any CPU
		{7905244F-7003-45A9-A8F6-C5637B846667}.Debug|Any CPU.ActiveCfg = Debug|Any CPU
		{7905244F-7003-45A9-A8F6-C5637B846667}.Debug|Any CPU.Build.0 = Debug|Any CPU
		{7905244F-7003-45A9-A8F6-C5637B846667}.Release|Any CPU.ActiveCfg = Release|Any CPU
		{7905244F-7003-45A9-A8F6-C5637B846667}.Release|Any CPU.Build.0 = Release|Any CPU
		{99E8D764-6417-41B6-B964-C421E2A97196}.Debug|Any CPU.ActiveCfg = Debug|Any CPU
		{99E8D764-6417-41B6-B964-C421E2A97196}.Debug|Any CPU.Build.0 = Debug|Any CPU
		{99E8D764-6417-41B6-B964-C421E2A97196}.Release|Any CPU.ActiveCfg = Release|Any CPU
		{99E8D764-6417-41B6-B964-C421E2A97196}.Release|Any CPU.Build.0 = Release|Any CPU
	EndGlobalSection
	GlobalSection(SolutionProperties) = preSolution
		HideSolutionNode = FALSE
	EndGlobalSection
	GlobalSection(NestedProjects) = preSolution
		{29BCDA0F-8587-4EA6-BA25-B832C3AAEACC} = {85A58FA7-9F6E-4E19-B3A5-D30B1334D384}
		{378B5524-4F53-4177-9D92-7C1C96E9D67A} = {85A58FA7-9F6E-4E19-B3A5-D30B1334D384}
		{7498ED6D-4ABF-4A98-B89F-B55DFA85B554} = {85A58FA7-9F6E-4E19-B3A5-D30B1334D384}
		{1C95B9AC-73C2-4472-8FD5-49A54971C90D} = {85A58FA7-9F6E-4E19-B3A5-D30B1334D384}
		{4B1A5DA2-4B65-40FB-988C-CBB6D5D8196F} = {378B5524-4F53-4177-9D92-7C1C96E9D67A}
		{3FDECC4A-FC89-44CD-8A89-63957288557E} = {1C95B9AC-73C2-4472-8FD5-49A54971C90D}
		{F9076FCD-E515-421E-BB6E-ECC75BCD1490} = {7498ED6D-4ABF-4A98-B89F-B55DFA85B554}
		{A6728D51-E23A-47CB-898A-DA4ADDC4168C} = {21E7BB18-EAA6-4E60-8D55-0D25D667C722}
		{BF560B5F-6601-4B95-9309-48DB5EC25051} = {A6728D51-E23A-47CB-898A-DA4ADDC4168C}
		{7905244F-7003-45A9-A8F6-C5637B846667} = {7498ED6D-4ABF-4A98-B89F-B55DFA85B554}
		{99E8D764-6417-41B6-B964-C421E2A97196} = {29BCDA0F-8587-4EA6-BA25-B832C3AAEACC}
	EndGlobalSection
	GlobalSection(ExtensibilityGlobals) = postSolution
		SolutionGuid = {02278D68-9270-4F3A-849E-5FC0BAEAFDB0}
	EndGlobalSection
EndGlobal
